
Microsoft Visual Studio Solution File, Format Version 12.00
# Visual Studio 15
VisualStudioVersion = 15.0.28307.329
MinimumVisualStudioVersion = 10.0.40219.1
Project("{FAE04EC0-301F-11D3-BF4B-00C04F79EFBC}") = "Sequor.WebApi", "Sequor.WebApi\Sequor.WebApi.csproj", "{84802685-EEB2-42B8-A6E3-E883C44FE2B3}"
EndProject
Project("{FAE04EC0-301F-11D3-BF4B-00C04F79EFBC}") = "Sequor.WebApi.Tests", "Sequor.WebApi.Tests\Sequor.WebApi.Tests.csproj", "{C57DBCFB-ABA9-40F9-8BE9-DEA162BB79D4}"
EndProject
Project("{2150E333-8FDC-42A3-9474-1A3956D46DE8}") = "Tests", "Tests", "{5C72C709-2C86-4D52-91D7-EA3AD6FB535C}"
EndProject
Project("{2150E333-8FDC-42A3-9474-1A3956D46DE8}") = "0 - Presentation", "0 - Presentation", "{A2B050D9-1808-40BB-967E-FD0C4CA97C7D}"
EndProject
Project("{2150E333-8FDC-42A3-9474-1A3956D46DE8}") = "1 - ApplicationService", "1 - ApplicationService", "{9C40B8DA-3248-4278-B5C9-81AE2B074427}"
EndProject
Project("{FAE04EC0-301F-11D3-BF4B-00C04F79EFBC}") = "Sequor.WebMvc", "Sequor.WebMvc\Sequor.WebMvc.csproj", "{264BE443-B8A8-422C-9AD7-3E4C4BD25871}"
EndProject
Project("{FAE04EC0-301F-11D3-BF4B-00C04F79EFBC}") = "Sequor.WebMvc.Tests", "Sequor.WebMvc.Tests\Sequor.WebMvc.Tests.csproj", "{61188D8B-88DC-41F0-8C46-C7FA058779F5}"
EndProject
Project("{2150E333-8FDC-42A3-9474-1A3956D46DE8}") = "2 - Domain", "2 - Domain", "{274AF0D2-2789-456E-8A72-1702EAF0A5ED}"
EndProject
Project("{FAE04EC0-301F-11D3-BF4B-00C04F79EFBC}") = "Sequor.ApplicationService", "Sequor.ApplicationService\Sequor.ApplicationService.csproj", "{6A9D887D-401B-45D9-A227-2D038A4C8901}"
EndProject
Project("{FAE04EC0-301F-11D3-BF4B-00C04F79EFBC}") = "Sequor.Domain", "Sequor.Domain\Sequor.Domain.csproj", "{BE2AC95E-91A5-4729-8843-D3BAACAA2F3B}"
EndProject
Project("{2150E333-8FDC-42A3-9474-1A3956D46DE8}") = "3 - Infrastructure", "3 - Infrastructure", "{5A2FFE40-7799-42D0-8162-6994F5B43342}"
EndProject
Project("{FAE04EC0-301F-11D3-BF4B-00C04F79EFBC}") = "Sequor.Infrastructure", "Sequor.Infrastructure\Sequor.Infrastructure.csproj", "{63025424-3525-420F-97DD-BFB1DD97F532}"
EndProject
Global
	GlobalSection(SolutionConfigurationPlatforms) = preSolution
		Debug|Any CPU = Debug|Any CPU
		Debug|ARM = Debug|ARM
		Debug|ARM64 = Debug|ARM64
		Debug|x64 = Debug|x64
		Debug|x86 = Debug|x86
		Release|Any CPU = Release|Any CPU
		Release|ARM = Release|ARM
		Release|ARM64 = Release|ARM64
		Release|x64 = Release|x64
		Release|x86 = Release|x86
	EndGlobalSection
	GlobalSection(ProjectConfigurationPlatforms) = postSolution
		{84802685-EEB2-42B8-A6E3-E883C44FE2B3}.Debug|Any CPU.ActiveCfg = Debug|Any CPU
		{84802685-EEB2-42B8-A6E3-E883C44FE2B3}.Debug|Any CPU.Build.0 = Debug|Any CPU
		{84802685-EEB2-42B8-A6E3-E883C44FE2B3}.Debug|ARM.ActiveCfg = Debug|Any CPU
		{84802685-EEB2-42B8-A6E3-E883C44FE2B3}.Debug|ARM.Build.0 = Debug|Any CPU
		{84802685-EEB2-42B8-A6E3-E883C44FE2B3}.Debug|ARM64.ActiveCfg = Debug|Any CPU
		{84802685-EEB2-42B8-A6E3-E883C44FE2B3}.Debug|ARM64.Build.0 = Debug|Any CPU
		{84802685-EEB2-42B8-A6E3-E883C44FE2B3}.Debug|x64.ActiveCfg = Debug|Any CPU
		{84802685-EEB2-42B8-A6E3-E883C44FE2B3}.Debug|x64.Build.0 = Debug|Any CPU
		{84802685-EEB2-42B8-A6E3-E883C44FE2B3}.Debug|x86.ActiveCfg = Debug|Any CPU
		{84802685-EEB2-42B8-A6E3-E883C44FE2B3}.Debug|x86.Build.0 = Debug|Any CPU
		{84802685-EEB2-42B8-A6E3-E883C44FE2B3}.Release|Any CPU.ActiveCfg = Release|Any CPU
		{84802685-EEB2-42B8-A6E3-E883C44FE2B3}.Release|Any CPU.Build.0 = Release|Any CPU
		{84802685-EEB2-42B8-A6E3-E883C44FE2B3}.Release|ARM.ActiveCfg = Release|Any CPU
		{84802685-EEB2-42B8-A6E3-E883C44FE2B3}.Release|ARM.Build.0 = Release|Any CPU
		{84802685-EEB2-42B8-A6E3-E883C44FE2B3}.Release|ARM64.ActiveCfg = Release|Any CPU
		{84802685-EEB2-42B8-A6E3-E883C44FE2B3}.Release|ARM64.Build.0 = Release|Any CPU
		{84802685-EEB2-42B8-A6E3-E883C44FE2B3}.Release|x64.ActiveCfg = Release|Any CPU
		{84802685-EEB2-42B8-A6E3-E883C44FE2B3}.Release|x64.Build.0 = Release|Any CPU
		{84802685-EEB2-42B8-A6E3-E883C44FE2B3}.Release|x86.ActiveCfg = Release|Any CPU
		{84802685-EEB2-42B8-A6E3-E883C44FE2B3}.Release|x86.Build.0 = Release|Any CPU
		{C57DBCFB-ABA9-40F9-8BE9-DEA162BB79D4}.Debug|Any CPU.ActiveCfg = Debug|Any CPU
		{C57DBCFB-ABA9-40F9-8BE9-DEA162BB79D4}.Debug|Any CPU.Build.0 = Debug|Any CPU
		{C57DBCFB-ABA9-40F9-8BE9-DEA162BB79D4}.Debug|ARM.ActiveCfg = Debug|Any CPU
		{C57DBCFB-ABA9-40F9-8BE9-DEA162BB79D4}.Debug|ARM.Build.0 = Debug|Any CPU
		{C57DBCFB-ABA9-40F9-8BE9-DEA162BB79D4}.Debug|ARM64.ActiveCfg = Debug|Any CPU
		{C57DBCFB-ABA9-40F9-8BE9-DEA162BB79D4}.Debug|ARM64.Build.0 = Debug|Any CPU
		{C57DBCFB-ABA9-40F9-8BE9-DEA162BB79D4}.Debug|x64.ActiveCfg = Debug|Any CPU
		{C57DBCFB-ABA9-40F9-8BE9-DEA162BB79D4}.Debug|x64.Build.0 = Debug|Any CPU
		{C57DBCFB-ABA9-40F9-8BE9-DEA162BB79D4}.Debug|x86.ActiveCfg = Debug|Any CPU
		{C57DBCFB-ABA9-40F9-8BE9-DEA162BB79D4}.Debug|x86.Build.0 = Debug|Any CPU
		{C57DBCFB-ABA9-40F9-8BE9-DEA162BB79D4}.Release|Any CPU.ActiveCfg = Release|Any CPU
		{C57DBCFB-ABA9-40F9-8BE9-DEA162BB79D4}.Release|Any CPU.Build.0 = Release|Any CPU
		{C57DBCFB-ABA9-40F9-8BE9-DEA162BB79D4}.Release|ARM.ActiveCfg = Release|Any CPU
		{C57DBCFB-ABA9-40F9-8BE9-DEA162BB79D4}.Release|ARM.Build.0 = Release|Any CPU
		{C57DBCFB-ABA9-40F9-8BE9-DEA162BB79D4}.Release|ARM64.ActiveCfg = Release|Any CPU
		{C57DBCFB-ABA9-40F9-8BE9-DEA162BB79D4}.Release|ARM64.Build.0 = Release|Any CPU
		{C57DBCFB-ABA9-40F9-8BE9-DEA162BB79D4}.Release|x64.ActiveCfg = Release|Any CPU
		{C57DBCFB-ABA9-40F9-8BE9-DEA162BB79D4}.Release|x64.Build.0 = Release|Any CPU
		{C57DBCFB-ABA9-40F9-8BE9-DEA162BB79D4}.Release|x86.ActiveCfg = Release|Any CPU
		{C57DBCFB-ABA9-40F9-8BE9-DEA162BB79D4}.Release|x86.Build.0 = Release|Any CPU
		{264BE443-B8A8-422C-9AD7-3E4C4BD25871}.Debug|Any CPU.ActiveCfg = Debug|Any CPU
		{264BE443-B8A8-422C-9AD7-3E4C4BD25871}.Debug|Any CPU.Build.0 = Debug|Any CPU
		{264BE443-B8A8-422C-9AD7-3E4C4BD25871}.Debug|ARM.ActiveCfg = Debug|Any CPU
		{264BE443-B8A8-422C-9AD7-3E4C4BD25871}.Debug|ARM.Build.0 = Debug|Any CPU
		{264BE443-B8A8-422C-9AD7-3E4C4BD25871}.Debug|ARM64.ActiveCfg = Debug|Any CPU
		{264BE443-B8A8-422C-9AD7-3E4C4BD25871}.Debug|ARM64.Build.0 = Debug|Any CPU
		{264BE443-B8A8-422C-9AD7-3E4C4BD25871}.Debug|x64.ActiveCfg = Debug|Any CPU
		{264BE443-B8A8-422C-9AD7-3E4C4BD25871}.Debug|x64.Build.0 = Debug|Any CPU
		{264BE443-B8A8-422C-9AD7-3E4C4BD25871}.Debug|x86.ActiveCfg = Debug|Any CPU
		{264BE443-B8A8-422C-9AD7-3E4C4BD25871}.Debug|x86.Build.0 = Debug|Any CPU
		{264BE443-B8A8-422C-9AD7-3E4C4BD25871}.Release|Any CPU.ActiveCfg = Release|Any CPU
		{264BE443-B8A8-422C-9AD7-3E4C4BD25871}.Release|Any CPU.Build.0 = Release|Any CPU
		{264BE443-B8A8-422C-9AD7-3E4C4BD25871}.Release|ARM.ActiveCfg = Release|Any CPU
		{264BE443-B8A8-422C-9AD7-3E4C4BD25871}.Release|ARM.Build.0 = Release|Any CPU
		{264BE443-B8A8-422C-9AD7-3E4C4BD25871}.Release|ARM64.ActiveCfg = Release|Any CPU
		{264BE443-B8A8-422C-9AD7-3E4C4BD25871}.Release|ARM64.Build.0 = Release|Any CPU
		{264BE443-B8A8-422C-9AD7-3E4C4BD25871}.Release|x64.ActiveCfg = Release|Any CPU
		{264BE443-B8A8-422C-9AD7-3E4C4BD25871}.Release|x64.Build.0 = Release|Any CPU
		{264BE443-B8A8-422C-9AD7-3E4C4BD25871}.Release|x86.ActiveCfg = Release|Any CPU
		{264BE443-B8A8-422C-9AD7-3E4C4BD25871}.Release|x86.Build.0 = Release|Any CPU
		{61188D8B-88DC-41F0-8C46-C7FA058779F5}.Debug|Any CPU.ActiveCfg = Debug|Any CPU
		{61188D8B-88DC-41F0-8C46-C7FA058779F5}.Debug|Any CPU.Build.0 = Debug|Any CPU
		{61188D8B-88DC-41F0-8C46-C7FA058779F5}.Debug|ARM.ActiveCfg = Debug|Any CPU
		{61188D8B-88DC-41F0-8C46-C7FA058779F5}.Debug|ARM.Build.0 = Debug|Any CPU
		{61188D8B-88DC-41F0-8C46-C7FA058779F5}.Debug|ARM64.ActiveCfg = Debug|Any CPU
		{61188D8B-88DC-41F0-8C46-C7FA058779F5}.Debug|ARM64.Build.0 = Debug|Any CPU
		{61188D8B-88DC-41F0-8C46-C7FA058779F5}.Debug|x64.ActiveCfg = Debug|Any CPU
		{61188D8B-88DC-41F0-8C46-C7FA058779F5}.Debug|x64.Build.0 = Debug|Any CPU
		{61188D8B-88DC-41F0-8C46-C7FA058779F5}.Debug|x86.ActiveCfg = Debug|Any CPU
		{61188D8B-88DC-41F0-8C46-C7FA058779F5}.Debug|x86.Build.0 = Debug|Any CPU
		{61188D8B-88DC-41F0-8C46-C7FA058779F5}.Release|Any CPU.ActiveCfg = Release|Any CPU
		{61188D8B-88DC-41F0-8C46-C7FA058779F5}.Release|Any CPU.Build.0 = Release|Any CPU
		{61188D8B-88DC-41F0-8C46-C7FA058779F5}.Release|ARM.ActiveCfg = Release|Any CPU
		{61188D8B-88DC-41F0-8C46-C7FA058779F5}.Release|ARM.Build.0 = Release|Any CPU
		{61188D8B-88DC-41F0-8C46-C7FA058779F5}.Release|ARM64.ActiveCfg = Release|Any CPU
		{61188D8B-88DC-41F0-8C46-C7FA058779F5}.Release|ARM64.Build.0 = Release|Any CPU
		{61188D8B-88DC-41F0-8C46-C7FA058779F5}.Release|x64.ActiveCfg = Release|Any CPU
		{61188D8B-88DC-41F0-8C46-C7FA058779F5}.Release|x64.Build.0 = Release|Any CPU
		{61188D8B-88DC-41F0-8C46-C7FA058779F5}.Release|x86.ActiveCfg = Release|Any CPU
		{61188D8B-88DC-41F0-8C46-C7FA058779F5}.Release|x86.Build.0 = Release|Any CPU
		{6A9D887D-401B-45D9-A227-2D038A4C8901}.Debug|Any CPU.ActiveCfg = Debug|Any CPU
		{6A9D887D-401B-45D9-A227-2D038A4C8901}.Debug|Any CPU.Build.0 = Debug|Any CPU
		{6A9D887D-401B-45D9-A227-2D038A4C8901}.Debug|ARM.ActiveCfg = Debug|Any CPU
		{6A9D887D-401B-45D9-A227-2D038A4C8901}.Debug|ARM.Build.0 = Debug|Any CPU
		{6A9D887D-401B-45D9-A227-2D038A4C8901}.Debug|ARM64.ActiveCfg = Debug|Any CPU
		{6A9D887D-401B-45D9-A227-2D038A4C8901}.Debug|ARM64.Build.0 = Debug|Any CPU
		{6A9D887D-401B-45D9-A227-2D038A4C8901}.Debug|x64.ActiveCfg = Debug|Any CPU
		{6A9D887D-401B-45D9-A227-2D038A4C8901}.Debug|x64.Build.0 = Debug|Any CPU
		{6A9D887D-401B-45D9-A227-2D038A4C8901}.Debug|x86.ActiveCfg = Debug|Any CPU
		{6A9D887D-401B-45D9-A227-2D038A4C8901}.Debug|x86.Build.0 = Debug|Any CPU
		{6A9D887D-401B-45D9-A227-2D038A4C8901}.Release|Any CPU.ActiveCfg = Release|Any CPU
		{6A9D887D-401B-45D9-A227-2D038A4C8901}.Release|Any CPU.Build.0 = Release|Any CPU
		{6A9D887D-401B-45D9-A227-2D038A4C8901}.Release|ARM.ActiveCfg = Release|Any CPU
		{6A9D887D-401B-45D9-A227-2D038A4C8901}.Release|ARM.Build.0 = Release|Any CPU
		{6A9D887D-401B-45D9-A227-2D038A4C8901}.Release|ARM64.ActiveCfg = Release|Any CPU
		{6A9D887D-401B-45D9-A227-2D038A4C8901}.Release|ARM64.Build.0 = Release|Any CPU
		{6A9D887D-401B-45D9-A227-2D038A4C8901}.Release|x64.ActiveCfg = Release|Any CPU
		{6A9D887D-401B-45D9-A227-2D038A4C8901}.Release|x64.Build.0 = Release|Any CPU
		{6A9D887D-401B-45D9-A227-2D038A4C8901}.Release|x86.ActiveCfg = Release|Any CPU
		{6A9D887D-401B-45D9-A227-2D038A4C8901}.Release|x86.Build.0 = Release|Any CPU
		{BE2AC95E-91A5-4729-8843-D3BAACAA2F3B}.Debug|Any CPU.ActiveCfg = Debug|Any CPU
		{BE2AC95E-91A5-4729-8843-D3BAACAA2F3B}.Debug|Any CPU.Build.0 = Debug|Any CPU
		{BE2AC95E-91A5-4729-8843-D3BAACAA2F3B}.Debug|ARM.ActiveCfg = Debug|Any CPU
		{BE2AC95E-91A5-4729-8843-D3BAACAA2F3B}.Debug|ARM.Build.0 = Debug|Any CPU
		{BE2AC95E-91A5-4729-8843-D3BAACAA2F3B}.Debug|ARM64.ActiveCfg = Debug|Any CPU
		{BE2AC95E-91A5-4729-8843-D3BAACAA2F3B}.Debug|ARM64.Build.0 = Debug|Any CPU
		{BE2AC95E-91A5-4729-8843-D3BAACAA2F3B}.Debug|x64.ActiveCfg = Debug|Any CPU
		{BE2AC95E-91A5-4729-8843-D3BAACAA2F3B}.Debug|x64.Build.0 = Debug|Any CPU
		{BE2AC95E-91A5-4729-8843-D3BAACAA2F3B}.Debug|x86.ActiveCfg = Debug|Any CPU
		{BE2AC95E-91A5-4729-8843-D3BAACAA2F3B}.Debug|x86.Build.0 = Debug|Any CPU
		{BE2AC95E-91A5-4729-8843-D3BAACAA2F3B}.Release|Any CPU.ActiveCfg = Release|Any CPU
		{BE2AC95E-91A5-4729-8843-D3BAACAA2F3B}.Release|Any CPU.Build.0 = Release|Any CPU
		{BE2AC95E-91A5-4729-8843-D3BAACAA2F3B}.Release|ARM.ActiveCfg = Release|Any CPU
		{BE2AC95E-91A5-4729-8843-D3BAACAA2F3B}.Release|ARM.Build.0 = Release|Any CPU
		{BE2AC95E-91A5-4729-8843-D3BAACAA2F3B}.Release|ARM64.ActiveCfg = Release|Any CPU
		{BE2AC95E-91A5-4729-8843-D3BAACAA2F3B}.Release|ARM64.Build.0 = Release|Any CPU
		{BE2AC95E-91A5-4729-8843-D3BAACAA2F3B}.Release|x64.ActiveCfg = Release|Any CPU
		{BE2AC95E-91A5-4729-8843-D3BAACAA2F3B}.Release|x64.Build.0 = Release|Any CPU
		{BE2AC95E-91A5-4729-8843-D3BAACAA2F3B}.Release|x86.ActiveCfg = Release|Any CPU
		{BE2AC95E-91A5-4729-8843-D3BAACAA2F3B}.Release|x86.Build.0 = Release|Any CPU
		{63025424-3525-420F-97DD-BFB1DD97F532}.Debug|Any CPU.ActiveCfg = Debug|Any CPU
		{63025424-3525-420F-97DD-BFB1DD97F532}.Debug|Any CPU.Build.0 = Debug|Any CPU
		{63025424-3525-420F-97DD-BFB1DD97F532}.Debug|ARM.ActiveCfg = Debug|Any CPU
		{63025424-3525-420F-97DD-BFB1DD97F532}.Debug|ARM.Build.0 = Debug|Any CPU
		{63025424-3525-420F-97DD-BFB1DD97F532}.Debug|ARM64.ActiveCfg = Debug|Any CPU
		{63025424-3525-420F-97DD-BFB1DD97F532}.Debug|ARM64.Build.0 = Debug|Any CPU
		{63025424-3525-420F-97DD-BFB1DD97F532}.Debug|x64.ActiveCfg = Debug|Any CPU
		{63025424-3525-420F-97DD-BFB1DD97F532}.Debug|x64.Build.0 = Debug|Any CPU
		{63025424-3525-420F-97DD-BFB1DD97F532}.Debug|x86.ActiveCfg = Debug|Any CPU
		{63025424-3525-420F-97DD-BFB1DD97F532}.Debug|x86.Build.0 = Debug|Any CPU
		{63025424-3525-420F-97DD-BFB1DD97F532}.Release|Any CPU.ActiveCfg = Release|Any CPU
		{63025424-3525-420F-97DD-BFB1DD97F532}.Release|Any CPU.Build.0 = Release|Any CPU
		{63025424-3525-420F-97DD-BFB1DD97F532}.Release|ARM.ActiveCfg = Release|Any CPU
		{63025424-3525-420F-97DD-BFB1DD97F532}.Release|ARM.Build.0 = Release|Any CPU
		{63025424-3525-420F-97DD-BFB1DD97F532}.Release|ARM64.ActiveCfg = Release|Any CPU
		{63025424-3525-420F-97DD-BFB1DD97F532}.Release|ARM64.Build.0 = Release|Any CPU
		{63025424-3525-420F-97DD-BFB1DD97F532}.Release|x64.ActiveCfg = Release|Any CPU
		{63025424-3525-420F-97DD-BFB1DD97F532}.Release|x64.Build.0 = Release|Any CPU
		{63025424-3525-420F-97DD-BFB1DD97F532}.Release|x86.ActiveCfg = Release|Any CPU
		{63025424-3525-420F-97DD-BFB1DD97F532}.Release|x86.Build.0 = Release|Any CPU
	EndGlobalSection
	GlobalSection(SolutionProperties) = preSolution
		HideSolutionNode = FALSE
	EndGlobalSection
	GlobalSection(NestedProjects) = preSolution
		{84802685-EEB2-42B8-A6E3-E883C44FE2B3} = {A2B050D9-1808-40BB-967E-FD0C4CA97C7D}
		{C57DBCFB-ABA9-40F9-8BE9-DEA162BB79D4} = {5C72C709-2C86-4D52-91D7-EA3AD6FB535C}
		{264BE443-B8A8-422C-9AD7-3E4C4BD25871} = {A2B050D9-1808-40BB-967E-FD0C4CA97C7D}
		{61188D8B-88DC-41F0-8C46-C7FA058779F5} = {5C72C709-2C86-4D52-91D7-EA3AD6FB535C}
		{6A9D887D-401B-45D9-A227-2D038A4C8901} = {9C40B8DA-3248-4278-B5C9-81AE2B074427}
		{BE2AC95E-91A5-4729-8843-D3BAACAA2F3B} = {274AF0D2-2789-456E-8A72-1702EAF0A5ED}
		{63025424-3525-420F-97DD-BFB1DD97F532} = {5A2FFE40-7799-42D0-8162-6994F5B43342}
	EndGlobalSection
	GlobalSection(ExtensibilityGlobals) = postSolution
		SolutionGuid = {6AFBB07D-198C-4A38-9828-2F0CEED4BA7F}
	EndGlobalSection
EndGlobal
